// !$*UTF8*$!
{
	archiveVersion = 1;
	classes = {
	};
	objectVersion = 55;
	objects = {

/* Begin PBXBuildFile section */
		F30552FB2951828C00ED5561 /* MapKit.swift in Sources */ = {isa = PBXBuildFile; fileRef = F30552FA2951828C00ED5561 /* MapKit.swift */; };
		F30552FD295182DF00ED5561 /* API.swift in Sources */ = {isa = PBXBuildFile; fileRef = F30552FC295182DF00ED5561 /* API.swift */; };
		F371E8612942073300A96DC2 /* GoogleService-Info.plist in Resources */ = {isa = PBXBuildFile; fileRef = F371E8602942073300A96DC2 /* GoogleService-Info.plist */; };
		F371E864294208FB00A96DC2 /* FirebaseAnalytics in Frameworks */ = {isa = PBXBuildFile; productRef = F371E863294208FB00A96DC2 /* FirebaseAnalytics */; };
		F371E866294208FB00A96DC2 /* FirebaseAuth in Frameworks */ = {isa = PBXBuildFile; productRef = F371E865294208FB00A96DC2 /* FirebaseAuth */; };
		F371E868294208FB00A96DC2 /* FirebaseFirestore in Frameworks */ = {isa = PBXBuildFile; productRef = F371E867294208FB00A96DC2 /* FirebaseFirestore */; };
		F397B5472941B3FC00C6D5A7 /* AuthorizationApp.swift in Sources */ = {isa = PBXBuildFile; fileRef = F397B5462941B3FC00C6D5A7 /* AuthorizationApp.swift */; };
		F397B5492941B3FC00C6D5A7 /* ContentView.swift in Sources */ = {isa = PBXBuildFile; fileRef = F397B5482941B3FC00C6D5A7 /* ContentView.swift */; };
		F397B54B2941B3FD00C6D5A7 /* Assets.xcassets in Resources */ = {isa = PBXBuildFile; fileRef = F397B54A2941B3FD00C6D5A7 /* Assets.xcassets */; };
		F397B54E2941B3FD00C6D5A7 /* Preview Assets.xcassets in Resources */ = {isa = PBXBuildFile; fileRef = F397B54D2941B3FD00C6D5A7 /* Preview Assets.xcassets */; };
/* End PBXBuildFile section */

/* Begin PBXFileReference section */
		F30552FA2951828C00ED5561 /* MapKit.swift */ = {isa = PBXFileReference; lastKnownFileType = sourcecode.swift; path = MapKit.swift; sourceTree = "<group>"; };
		F30552FC295182DF00ED5561 /* API.swift */ = {isa = PBXFileReference; lastKnownFileType = sourcecode.swift; path = API.swift; sourceTree = "<group>"; };
		F371E8602942073300A96DC2 /* GoogleService-Info.plist */ = {isa = PBXFileReference; fileEncoding = 4; lastKnownFileType = text.plist.xml; path = "GoogleService-Info.plist"; sourceTree = "<group>"; };
		F397B5432941B3FC00C6D5A7 /* Authorization.app */ = {isa = PBXFileReference; explicitFileType = wrapper.application; includeInIndex = 0; path = Authorization.app; sourceTree = BUILT_PRODUCTS_DIR; };
		F397B5462941B3FC00C6D5A7 /* AuthorizationApp.swift */ = {isa = PBXFileReference; lastKnownFileType = sourcecode.swift; path = AuthorizationApp.swift; sourceTree = "<group>"; };
		F397B5482941B3FC00C6D5A7 /* ContentView.swift */ = {isa = PBXFileReference; lastKnownFileType = sourcecode.swift; path = ContentView.swift; sourceTree = "<group>"; };
		F397B54A2941B3FD00C6D5A7 /* Assets.xcassets */ = {isa = PBXFileReference; lastKnownFileType = folder.assetcatalog; path = Assets.xcassets; sourceTree = "<group>"; };
		F397B54D2941B3FD00C6D5A7 /* Preview Assets.xcassets */ = {isa = PBXFileReference; lastKnownFileType = folder.assetcatalog; path = "Preview Assets.xcassets"; sourceTree = "<group>"; };
/* End PBXFileReference section */

/* Begin PBXFrameworksBuildPhase section */
		F397B5402941B3FC00C6D5A7 /* Frameworks */ = {
			isa = PBXFrameworksBuildPhase;
			buildActionMask = 2147483647;
			files = (
				F371E864294208FB00A96DC2 /* FirebaseAnalytics in Frameworks */,
				F371E866294208FB00A96DC2 /* FirebaseAuth in Frameworks */,
				F371E868294208FB00A96DC2 /* FirebaseFirestore in Frameworks */,
			);
			runOnlyForDeploymentPostprocessing = 0;
		};
/* End PBXFrameworksBuildPhase section */

/* Begin PBXGroup section */
		F397B53A2941B3FC00C6D5A7 = {
			isa = PBXGroup;
			children = (
				F397B5452941B3FC00C6D5A7 /* Authorization */,
				F397B5442941B3FC00C6D5A7 /* Products */,
			);
			sourceTree = "<group>";
		};
		F397B5442941B3FC00C6D5A7 /* Products */ = {
			isa = PBXGroup;
			children = (
				F397B5432941B3FC00C6D5A7 /* Authorization.app */,
			);
			name = Products;
			sourceTree = "<group>";
		};
		F397B5452941B3FC00C6D5A7 /* Authorization */ = {
			isa = PBXGroup;
			children = (
				F397B5462941B3FC00C6D5A7 /* AuthorizationApp.swift */,
				F397B5482941B3FC00C6D5A7 /* ContentView.swift */,
				F30552FC295182DF00ED5561 /* API.swift */,
				F30552FA2951828C00ED5561 /* MapKit.swift */,
				F371E8602942073300A96DC2 /* GoogleService-Info.plist */,
				F397B54A2941B3FD00C6D5A7 /* Assets.xcassets */,
				F397B54C2941B3FD00C6D5A7 /* Preview Content */,
			);
			path = Authorization;
			sourceTree = "<group>";
		};
		F397B54C2941B3FD00C6D5A7 /* Preview Content */ = {
			isa = PBXGroup;
			children = (
				F397B54D2941B3FD00C6D5A7 /* Preview Assets.xcassets */,
			);
			path = "Preview Content";
			sourceTree = "<group>";
		};
/* End PBXGroup section */

/* Begin PBXNativeTarget section */
		F397B5422941B3FC00C6D5A7 /* Authorization */ = {
			isa = PBXNativeTarget;
			buildConfigurationList = F397B5512941B3FD00C6D5A7 /* Build configuration list for PBXNativeTarget "Authorization" */;
			buildPhases = (
				F397B53F2941B3FC00C6D5A7 /* Sources */,
				F397B5402941B3FC00C6D5A7 /* Frameworks */,
				F397B5412941B3FC00C6D5A7 /* Resources */,
			);
			buildRules = (
			);
			dependencies = (
			);
			name = Authorization;
			packageProductDependencies = (
				F371E863294208FB00A96DC2 /* FirebaseAnalytics */,
				F371E865294208FB00A96DC2 /* FirebaseAuth */,
				F371E867294208FB00A96DC2 /* FirebaseFirestore */,
			);
			productName = Authorization;
			productReference = F397B5432941B3FC00C6D5A7 /* Authorization.app */;
			productType = "com.apple.product-type.application";
		};
/* End PBXNativeTarget section */

/* Begin PBXProject section */
		F397B53B2941B3FC00C6D5A7 /* Project object */ = {
			isa = PBXProject;
			attributes = {
				BuildIndependentTargetsInParallel = 1;
				LastSwiftUpdateCheck = 1330;
				LastUpgradeCheck = 1330;
				TargetAttributes = {
					F397B5422941B3FC00C6D5A7 = {
						CreatedOnToolsVersion = 13.3;
					};
				};
			};
			buildConfigurationList = F397B53E2941B3FC00C6D5A7 /* Build configuration list for PBXProject "Authorization" */;
			compatibilityVersion = "Xcode 13.0";
			developmentRegion = en;
			hasScannedForEncodings = 0;
			knownRegions = (
				en,
				Base,
			);
			mainGroup = F397B53A2941B3FC00C6D5A7;
			packageReferences = (
				F371E862294208FB00A96DC2 /* XCRemoteSwiftPackageReference "firebase-ios-sdk" */,
			);
			productRefGroup = F397B5442941B3FC00C6D5A7 /* Products */;
			projectDirPath = "";
			projectRoot = "";
			targets = (
				F397B5422941B3FC00C6D5A7 /* Authorization */,
			);
		};
/* End PBXProject section */

/* Begin PBXResourcesBuildPhase section */
		F397B5412941B3FC00C6D5A7 /* Resources */ = {
			isa = PBXResourcesBuildPhase;
			buildActionMask = 2147483647;
			files = (
				F397B54E2941B3FD00C6D5A7 /* Preview Assets.xcassets in Resources */,
				F397B54B2941B3FD00C6D5A7 /* Assets.xcassets in Resources */,
				F371E8612942073300A96DC2 /* GoogleService-Info.plist in Resources */,
			);
			runOnlyForDeploymentPostprocessing = 0;
		};
/* End PBXResourcesBuildPhase section */

/* Begin PBXSourcesBuildPhase section */
		F397B53F2941B3FC00C6D5A7 /* Sources */ = {
			isa = PBXSourcesBuildPhase;
			buildActionMask = 2147483647;
			files = (
				F397B5492941B3FC00C6D5A7 /* ContentView.swift in Sources */,
				F30552FB2951828C00ED5561 /* MapKit.swift in Sources */,
				F30552FD295182DF00ED5561 /* API.swift in Sources */,
				F397B5472941B3FC00C6D5A7 /* AuthorizationApp.swift in Sources */,
			);
			runOnlyForDeploymentPostprocessing = 0;
		};
/* End PBXSourcesBuildPhase section */

/* Begin XCBuildConfiguration section */
		F397B54F2941B3FD00C6D5A7 /* Debug */ = {
			isa = XCBuildConfiguration;
			buildSettings = {
				ALWAYS_SEARCH_USER_PATHS = NO;
				CLANG_ANALYZER_NONNULL = YES;
				CLANG_ANALYZER_NUMBER_OBJECT_CONVERSION = YES_AGGRESSIVE;
				CLANG_CXX_LANGUAGE_STANDARD = "gnu++17";
				CLANG_ENABLE_MODULES = YES;
				CLANG_ENABLE_OBJC_ARC = YES;
				CLANG_ENABLE_OBJC_WEAK = YES;
				CLANG_WARN_BLOCK_CAPTURE_AUTORELEASING = YES;
				CLANG_WARN_BOOL_CONVERSION = YES;
				CLANG_WARN_COMMA = YES;
				CLANG_WARN_CONSTANT_CONVERSION = YES;
				CLANG_WARN_DEPRECATED_OBJC_IMPLEMENTATIONS = YES;
				CLANG_WARN_DIRECT_OBJC_ISA_USAGE = YES_ERROR;
				CLANG_WARN_DOCUMENTATION_COMMENTS = YES;
				CLANG_WARN_EMPTY_BODY = YES;
				CLANG_WARN_ENUM_CONVERSION = YES;
				CLANG_WARN_INFINITE_RECURSION = YES;
				CLANG_WARN_INT_CONVERSION = YES;
				CLANG_WARN_NON_LITERAL_NULL_CONVERSION = YES;
				CLANG_WARN_OBJC_IMPLICIT_RETAIN_SELF = YES;
				CLANG_WARN_OBJC_LITERAL_CONVERSION = YES;
				CLANG_WARN_OBJC_ROOT_CLASS = YES_ERROR;
				CLANG_WARN_QUOTED_INCLUDE_IN_FRAMEWORK_HEADER = YES;
				CLANG_WARN_RANGE_LOOP_ANALYSIS = YES;
				CLANG_WARN_STRICT_PROTOTYPES = YES;
				CLANG_WARN_SUSPICIOUS_MOVE = YES;
				CLANG_WARN_UNGUARDED_AVAILABILITY = YES_AGGRESSIVE;
				CLANG_WARN_UNREACHABLE_CODE = YES;
				CLANG_WARN__DUPLICATE_METHOD_MATCH = YES;
				COPY_PHASE_STRIP = NO;
				DEBUG_INFORMATION_FORMAT = dwarf;
				ENABLE_STRICT_OBJC_MSGSEND = YES;
				ENABLE_TESTABILITY = YES;
				GCC_C_LANGUAGE_STANDARD = gnu11;
				GCC_DYNAMIC_NO_PIC = NO;
				GCC_NO_COMMON_BLOCKS = YES;
				GCC_OPTIMIZATION_LEVEL = 0;
				GCC_PREPROCESSOR_DEFINITIONS = (
					"DEBUG=1",
					"$(inherited)",
				);
				GCC_WARN_64_TO_32_BIT_CONVERSION = YES;
				GCC_WARN_ABOUT_RETURN_TYPE = YES_ERROR;
				GCC_WARN_UNDECLARED_SELECTOR = YES;
				GCC_WARN_UNINITIALIZED_AUTOS = YES_AGGRESSIVE;
				GCC_WARN_UNUSED_FUNCTION = YES;
				GCC_WARN_UNUSED_VARIABLE = YES;
				IPHONEOS_DEPLOYMENT_TARGET = 15.4;
				MTL_ENABLE_DEBUG_INFO = INCLUDE_SOURCE;
				MTL_FAST_MATH = YES;
				ONLY_ACTIVE_ARCH = YES;
				SDKROOT = iphoneos;
				SWIFT_ACTIVE_COMPILATION_CONDITIONS = DEBUG;
				SWIFT_OPTIMIZATION_LEVEL = "-Onone";
			};
			name = Debug;
		};
		F397B5502941B3FD00C6D5A7 /* Release */ = {
			isa = XCBuildConfiguration;
			buildSettings = {
				ALWAYS_SEARCH_USER_PATHS = NO;
				CLANG_ANALYZER_NONNULL = YES;
				CLANG_ANALYZER_NUMBER_OBJECT_CONVERSION = YES_AGGRESSIVE;
				CLANG_CXX_LANGUAGE_STANDARD = "gnu++17";
				CLANG_ENABLE_MODULES = YES;
				CLANG_ENABLE_OBJC_ARC = YES;
				CLANG_ENABLE_OBJC_WEAK = YES;
				CLANG_WARN_BLOCK_CAPTURE_AUTORELEASING = YES;
				CLANG_WARN_BOOL_CONVERSION = YES;
				CLANG_WARN_COMMA = YES;
				CLANG_WARN_CONSTANT_CONVERSION = YES;
				CLANG_WARN_DEPRECATED_OBJC_IMPLEMENTATIONS = YES;
				CLANG_WARN_DIRECT_OBJC_ISA_USAGE = YES_ERROR;
				CLANG_WARN_DOCUMENTATION_COMMENTS = YES;
				CLANG_WARN_EMPTY_BODY = YES;
				CLANG_WARN_ENUM_CONVERSION = YES;
				CLANG_WARN_INFINITE_RECURSION = YES;
				CLANG_WARN_INT_CONVERSION = YES;
				CLANG_WARN_NON_LITERAL_NULL_CONVERSION = YES;
				CLANG_WARN_OBJC_IMPLICIT_RETAIN_SELF = YES;
				CLANG_WARN_OBJC_LITERAL_CONVERSION = YES;
				CLANG_WARN_OBJC_ROOT_CLASS = YES_ERROR;
				CLANG_WARN_QUOTED_INCLUDE_IN_FRAMEWORK_HEADER = YES;
				CLANG_WARN_RANGE_LOOP_ANALYSIS = YES;
				CLANG_WARN_STRICT_PROTOTYPES = YES;
				CLANG_WARN_SUSPICIOUS_MOVE = YES;
				CLANG_WARN_UNGUARDED_AVAILABILITY = YES_AGGRESSIVE;
				CLANG_WARN_UNREACHABLE_CODE = YES;
				CLANG_WARN__DUPLICATE_METHOD_MATCH = YES;
				COPY_PHASE_STRIP = NO;
				DEBUG_INFORMATION_FORMAT = "dwarf-with-dsym";
				ENABLE_NS_ASSERTIONS = NO;
				ENABLE_STRICT_OBJC_MSGSEND = YES;
				GCC_C_LANGUAGE_STANDARD = gnu11;
				GCC_NO_COMMON_BLOCKS = YES;
				GCC_WARN_64_TO_32_BIT_CONVERSION = YES;
				GCC_WARN_ABOUT_RETURN_TYPE = YES_ERROR;
				GCC_WARN_UNDECLARED_SELECTOR = YES;
				GCC_WARN_UNINITIALIZED_AUTOS = YES_AGGRESSIVE;
				GCC_WARN_UNUSED_FUNCTION = YES;
				GCC_WARN_UNUSED_VARIABLE = YES;
				IPHONEOS_DEPLOYMENT_TARGET = 15.4;
				MTL_ENABLE_DEBUG_INFO = NO;
				MTL_FAST_MATH = YES;
				SDKROOT = iphoneos;
				SWIFT_COMPILATION_MODE = wholemodule;
				SWIFT_OPTIMIZATION_LEVEL = "-O";
				VALIDATE_PRODUCT = YES;
			};
			name = Release;
		};
		F397B5522941B3FD00C6D5A7 /* Debug */ = {
			isa = XCBuildConfiguration;
			buildSettings = {
				ASSETCATALOG_COMPILER_APPICON_NAME = AppIcon;
				ASSETCATALOG_COMPILER_GLOBAL_ACCENT_COLOR_NAME = AccentColor;
				CODE_SIGN_STYLE = Automatic;
				CURRENT_PROJECT_VERSION = 1;
				DEVELOPMENT_ASSET_PATHS = "\"Authorization/Preview Content\"";
				DEVELOPMENT_TEAM = 59Y4HTUYT3;
				ENABLE_PREVIEWS = YES;
				GENERATE_INFOPLIST_FILE = YES;
				INFOPLIST_KEY_UIApplicationSceneManifest_Generation = YES;
				INFOPLIST_KEY_UIApplicationSupportsIndirectInputEvents = YES;
				INFOPLIST_KEY_UILaunchScreen_Generation = YES;
				INFOPLIST_KEY_UISupportedInterfaceOrientations_iPad = "UIInterfaceOrientationPortrait UIInterfaceOrientationPortraitUpsideDown UIInterfaceOrientationLandscapeLeft UIInterfaceOrientationLandscapeRight";
				INFOPLIST_KEY_UISupportedInterfaceOrientations_iPhone = "UIInterfaceOrientationPortrait UIInterfaceOrientationLandscapeLeft UIInterfaceOrientationLandscapeRight";
				LD_RUNPATH_SEARCH_PATHS = (
					"$(inherited)",
					"@executable_path/Frameworks",
				);
				MARKETING_VERSION = 1.0;
				PRODUCT_BUNDLE_IDENTIFIER = Aitu.Authorization;
				PRODUCT_NAME = "$(TARGET_NAME)";
				SWIFT_EMIT_LOC_STRINGS = YES;
				SWIFT_VERSION = 5.0;
				TARGETED_DEVICE_FAMILY = "1,2";
			};
			name = Debug;
		};
		F397B5532941B3FD00C6D5A7 /* Release */ = {
			isa = XCBuildConfiguration;
			buildSettings = {
				ASSETCATALOG_COMPILER_APPICON_NAME = AppIcon;
				ASSETCATALOG_COMPILER_GLOBAL_ACCENT_COLOR_NAME = AccentColor;
				CODE_SIGN_STYLE = Automatic;
				CURRENT_PROJECT_VERSION = 1;
				DEVELOPMENT_ASSET_PATHS = "\"Authorization/Preview Content\"";
				DEVELOPMENT_TEAM = 59Y4HTUYT3;
				ENABLE_PREVIEWS = YES;
				GENERATE_INFOPLIST_FILE = YES;
				INFOPLIST_KEY_UIApplicationSceneManifest_Generation = YES;
				INFOPLIST_KEY_UIApplicationSupportsIndirectInputEvents = YES;
				INFOPLIST_KEY_UILaunchScreen_Generation = YES;
				INFOPLIST_KEY_UISupportedInterfaceOrientations_iPad = "UIInterfaceOrientationPortrait UIInterfaceOrientationPortraitUpsideDown UIInterfaceOrientationLandscapeLeft UIInterfaceOrientationLandscapeRight";
				INFOPLIST_KEY_UISupportedInterfaceOrientations_iPhone = "UIInterfaceOrientationPortrait UIInterfaceOrientationLandscapeLeft UIInterfaceOrientationLandscapeRight";
				LD_RUNPATH_SEARCH_PATHS = (
					"$(inherited)",
					"@executable_path/Frameworks",
				);
				MARKETING_VERSION = 1.0;
				PRODUCT_BUNDLE_IDENTIFIER = Aitu.Authorization;
				PRODUCT_NAME = "$(TARGET_NAME)";
				SWIFT_EMIT_LOC_STRINGS = YES;
				SWIFT_VERSION = 5.0;
				TARGETED_DEVICE_FAMILY = "1,2";
			};
			name = Release;
		};
/* End XCBuildConfiguration section */

/* Begin XCConfigurationList section */
		F397B53E2941B3FC00C6D5A7 /* Build configuration list for PBXProject "Authorization" */ = {
			isa = XCConfigurationList;
			buildConfigurations = (
				F397B54F2941B3FD00C6D5A7 /* Debug */,
				F397B5502941B3FD00C6D5A7 /* Release */,
			);
			defaultConfigurationIsVisible = 0;
			defaultConfigurationName = Release;
		};
		F397B5512941B3FD00C6D5A7 /* Build configuration list for PBXNativeTarget "Authorization" */ = {
			isa = XCConfigurationList;
			buildConfigurations = (
				F397B5522941B3FD00C6D5A7 /* Debug */,
				F397B5532941B3FD00C6D5A7 /* Release */,
			);
			defaultConfigurationIsVisible = 0;
			defaultConfigurationName = Release;
		};
/* End XCConfigurationList section */

/* Begin XCRemoteSwiftPackageReference section */
		F371E862294208FB00A96DC2 /* XCRemoteSwiftPackageReference "firebase-ios-sdk" */ = {
			isa = XCRemoteSwiftPackageReference;
			repositoryURL = "https://github.com/firebase/firebase-ios-sdk.git";
			requirement = {
				kind = upToNextMajorVersion;
				minimumVersion = 9.0.0;
			};
		};
/* End XCRemoteSwiftPackageReference section */

/* Begin XCSwiftPackageProductDependency section */
		F371E863294208FB00A96DC2 /* FirebaseAnalytics */ = {
			isa = XCSwiftPackageProductDependency;
			package = F371E862294208FB00A96DC2 /* XCRemoteSwiftPackageReference "firebase-ios-sdk" */;
			productName = FirebaseAnalytics;
		};
		F371E865294208FB00A96DC2 /* FirebaseAuth */ = {
			isa = XCSwiftPackageProductDependency;
			package = F371E862294208FB00A96DC2 /* XCRemoteSwiftPackageReference "firebase-ios-sdk" */;
			productName = FirebaseAuth;
		};
		F371E867294208FB00A96DC2 /* FirebaseFirestore */ = {
			isa = XCSwiftPackageProductDependency;
			package = F371E862294208FB00A96DC2 /* XCRemoteSwiftPackageReference "firebase-ios-sdk" */;
			productName = FirebaseFirestore;
		};
/* End XCSwiftPackageProductDependency section */
	};
	rootObject = F397B53B2941B3FC00C6D5A7 /* Project object */;
}
